<?xml version="1.0" encoding="utf-8"?>
<Project ToolsVersion="4.0" xmlns="http://schemas.microsoft.com/developer/msbuild/2003">
  <ItemGroup>
    <Filter Include="Source Files">
      <UniqueIdentifier>{4FC737F1-C7A5-4376-A066-2A32D752A2FF}</UniqueIdentifier>
      <Extensions>cpp;c;cc;cxx;def;odl;idl;hpj;bat;asm;asmx</Extensions>
    </Filter>
    <Filter Include="Header Files">
      <UniqueIdentifier>{93995380-89BD-4b04-88EB-625FBE52EBFB}</UniqueIdentifier>
      <Extensions>h;hpp;hxx;hm;inl;inc;xsd</Extensions>
    </Filter>
    <Filter Include="Resource Files">
      <UniqueIdentifier>{67DA6AB6-F800-4c08-8B7A-83BB121AAD01}</UniqueIdentifier>
      <Extensions>rc;ico;cur;bmp;dlg;rc2;rct;bin;rgs;gif;jpg;jpeg;jpe;resx;tiff;tif;png;wav;mfcribbon-ms</Extensions>
    </Filter>
  </ItemGroup>
  <ItemGroup>
    <ClInclude Include="..\..\src\rtklib.h">
      <Filter>Header Files</Filter>
    </ClInclude>
  </ItemGroup>
  <ItemGroup>
    <ClCompile Include="..\..\src\convkml.c">
      <Filter>Source Files</Filter>
    </ClCompile>
    <ClCompile Include="..\..\src\convrnx.c">
      <Filter>Source Files</Filter>
    </ClCompile>
    <ClCompile Include="..\..\src\datum.c">
      <Filter>Source Files</Filter>
    </ClCompile>
    <ClCompile Include="..\..\src\download.c">
      <Filter>Source Files</Filter>
    </ClCompile>
    <ClCompile Include="..\..\src\ephemeris.c">
      <Filter>Source Files</Filter>
    </ClCompile>
    <ClCompile Include="..\..\src\geoid.c">
      <Filter>Source Files</Filter>
    </ClCompile>
    <ClCompile Include="..\..\src\ionex.c">
      <Filter>Source Files</Filter>
    </ClCompile>
    <ClCompile Include="..\..\src\lambda.c">
      <Filter>Source Files</Filter>
    </ClCompile>
    <ClCompile Include="..\..\src\options.c">
      <Filter>Source Files</Filter>
    </ClCompile>
    <ClCompile Include="..\..\src\pntpos.c">
      <Filter>Source Files</Filter>
    </ClCompile>
    <ClCompile Include="..\..\src\postpos.c">
      <Filter>Source Files</Filter>
    </ClCompile>
    <ClCompile Include="..\..\src\ppp.c">
      <Filter>Source Files</Filter>
    </ClCompile>
    <ClCompile Include="..\..\src\ppp_ar.c">
      <Filter>Source Files</Filter>
    </ClCompile>
    <ClCompile Include="..\..\src\preceph.c">
      <Filter>Source Files</Filter>
    </ClCompile>
    <ClCompile Include="..\..\src\qzslex.c">
      <Filter>Source Files</Filter>
    </ClCompile>
    <ClCompile Include="..\..\src\rcvraw.c">
      <Filter>Source Files</Filter>
    </ClCompile>
    <ClCompile Include="..\..\src\rinex.c">
      <Filter>Source Files</Filter>
    </ClCompile>
    <ClCompile Include="..\..\src\rtcm.c">
      <Filter>Source Files</Filter>
    </ClCompile>
    <ClCompile Include="..\..\src\rtcm2.c">
      <Filter>Source Files</Filter>
    </ClCompile>
    <ClCompile Include="..\..\src\rtcm3.c">
      <Filter>Source Files</Filter>
    </ClCompile>
    <ClCompile Include="..\..\src\rtcm3e.c">
      <Filter>Source Files</Filter>
    </ClCompile>
    <ClCompile Include="..\..\src\rtkcmn.c">
      <Filter>Source Files</Filter>
    </ClCompile>
    <ClCompile Include="..\..\src\rtkpos.c">
      <Filter>Source Files</Filter>
    </ClCompile>
    <ClCompile Include="..\..\src\rtksvr.c">
      <Filter>Source Files</Filter>
    </ClCompile>
    <ClCompile Include="..\..\src\sbas.c">
      <Filter>Source Files</Filter>
    </ClCompile>
    <ClCompile Include="..\..\src\solution.c">
      <Filter>Source Files</Filter>
    </ClCompile>
    <ClCompile Include="..\..\src\stream.c">
      <Filter>Source Files</Filter>
    </ClCompile>
    <ClCompile Include="..\..\src\streamsvr.c">
      <Filter>Source Files</Filter>
    </ClCompile>
    <ClCompile Include="..\..\src\tle.c">
      <Filter>Source Files</Filter>
    </ClCompile>
    <ClCompile Include="..\..\src\rcv\binex.c">
      <Filter>Source Files</Filter>
    </ClCompile>
    <ClCompile Include="..\..\src\rcv\crescent.c">
      <Filter>Source Files</Filter>
    </ClCompile>
    <ClCompile Include="..\..\src\rcv\gw10.c">
      <Filter>Source Files</Filter>
    </ClCompile>
    <ClCompile Include="..\..\src\rcv\javad.c">
      <Filter>Source Files</Filter>
    </ClCompile>
    <ClCompile Include="..\..\src\rcv\novatel.c">
      <Filter>Source Files</Filter>
    </ClCompile>
    <ClCompile Include="..\..\src\rcv\nvs.c">
      <Filter>Source Files</Filter>
    </ClCompile>
    <ClCompile Include="..\..\src\rcv\rcvlex.c">
      <Filter>Source Files</Filter>
    </ClCompile>
    <ClCompile Include="..\..\src\rcv\rt17.c">
      <Filter>Source Files</Filter>
    </ClCompile>
    <ClCompile Include="..\..\src\rcv\skytraq.c">
      <Filter>Source Files</Filter>
    </ClCompile>
    <ClCompile Include="..\..\src\rcv\ss2.c">
      <Filter>Source Files</Filter>
    </ClCompile>
    <ClCompile Include="..\..\src\rcv\ublox.c">
      <Filter>Source Files</Filter>
    </ClCompile>
  </ItemGroup>
</Project>